
Microsoft Visual Studio Solution File, Format Version 12.00
# Visual Studio Version 17
VisualStudioVersion = 17.5.33530.505
MinimumVisualStudioVersion = 10.0.40219.1
Project("{FAE04EC0-301F-11D3-BF4B-00C04F79EFBC}") = "DiskInformation", "DiskInformation\DiskInformation.csproj", "{96D13A59-051B-4561-9EBC-2205FD2859AA}"
EndProject
Global
	GlobalSection(SolutionConfigurationPlatforms) = preSolution
		Debug|Any CPU = Debug|Any CPU
		Release|Any CPU = Release|Any CPU
	EndGlobalSection
	GlobalSection(ProjectConfigurationPlatforms) = postSolution
		{96D13A59-051B-4561-9EBC-2205FD2859AA}.Debug|Any CPU.ActiveCfg = Debug|Any CPU
		{96D13A59-051B-4561-9EBC-2205FD2859AA}.Debug|Any CPU.Build.0 = Debug|Any CPU
		{96D13A59-051B-4561-9EBC-2205FD2859AA}.Release|Any CPU.ActiveCfg = Release|Any CPU
		{96D13A59-051B-4561-9EBC-2205FD2859AA}.Release|Any CPU.Build.0 = Release|Any CPU
	EndGlobalSection
	GlobalSection(SolutionProperties) = preSolution
		HideSolutionNode = FALSE
	EndGlobalSection
	GlobalSection(ExtensibilityGlobals) = postSolution
		SolutionGuid = {99451E0C-A3AE-4992-A695-59DA55C881CE}
	EndGlobalSection
EndGlobal
